
Microsoft Visual Studio Solution File, Format Version 12.00
# Visual Studio 15
VisualStudioVersion = 15.0.28307.271
MinimumVisualStudioVersion = 10.0.40219.1
Project("{FAE04EC0-301F-11D3-BF4B-00C04F79EFBC}") = "PerfTests", "PerfTests\PerfTests.csproj", "{9BB045A7-D0E0-46FA-BB55-3B4AE55319F7}"
EndProject
Project("{2150E333-8FDC-42A3-9474-1A3956D46DE8}") = "Solution Items", "Solution Items", "{E2D71548-95D2-412A-A718-505420AF0B44}"
	ProjectSection(SolutionItems) = preProject
		README.md = README.md
	EndProjectSection
EndProject
Global
	GlobalSection(SolutionConfigurationPlatforms) = preSolution
		Debug|Any CPU = Debug|Any CPU
		Release|Any CPU = Release|Any CPU
	EndGlobalSection
	GlobalSection(ProjectConfigurationPlatforms) = postSolution
		{9BB045A7-D0E0-46FA-BB55-3B4AE55319F7}.Debug|Any CPU.ActiveCfg = Debug|Any CPU
		{9BB045A7-D0E0-46FA-BB55-3B4AE55319F7}.Debug|Any CPU.Build.0 = Debug|Any CPU
		{9BB045A7-D0E0-46FA-BB55-3B4AE55319F7}.Release|Any CPU.ActiveCfg = Release|Any CPU
		{9BB045A7-D0E0-46FA-BB55-3B4AE55319F7}.Release|Any CPU.Build.0 = Release|Any CPU
	EndGlobalSection
	GlobalSection(SolutionProperties) = preSolution
		HideSolutionNode = FALSE
	EndGlobalSection
	GlobalSection(ExtensibilityGlobals) = postSolution
		SolutionGuid = {069B2009-9489-4BC0-AB5A-2E3A338544AC}
	EndGlobalSection
EndGlobal
